
Microsoft Visual Studio Solution File, Format Version 12.00
# Visual Studio Version 17
VisualStudioVersion = 17.8.34330.188
MinimumVisualStudioVersion = 10.0.40219.1
Project("{9A19103F-16F7-4668-BE54-9A1E7A4F7556}") = "MyProfile", "MyProfile\MyProfile.csproj", "{4A48A750-943F-4EEE-AF55-0F86D76571C4}"
EndProject
Project("{9A19103F-16F7-4668-BE54-9A1E7A4F7556}") = "Data", "Data\Data.csproj", "{A0643111-B765-478E-897F-71F6BCD4B62E}"
EndProject
Project("{9A19103F-16F7-4668-BE54-9A1E7A4F7556}") = "Migrations", "Migrations\Migrations.csproj", "{F2F39255-3B6F-45A4-8332-F039B0FE360D}"
EndProject
Project("{9A19103F-16F7-4668-BE54-9A1E7A4F7556}") = "Tests", "Tests\Tests.csproj", "{5D928CA7-D89E-4E9A-A00E-BBDBDCAA6275}"
EndProject
Project("{E53339B2-1760-4266-BCC7-CA923CBCF16C}") = "docker-compose", "docker-compose.dcproj", "{8933AFB2-5050-4603-9CB9-13514AD0D4FC}"
EndProject
Project("{2150E333-8FDC-42A3-9474-1A3956D46DE8}") = "Workflow", "Workflow", "{25443736-2840-4FE7-84FE-04A250953FA3}"
	ProjectSection(SolutionItems) = preProject
		.github\workflows\dotnet.yml = .github\workflows\dotnet.yml
		.gitignore = .gitignore
		Dockerfile = Dockerfile
	EndProjectSection
EndProject
Global
	GlobalSection(SolutionConfigurationPlatforms) = preSolution
		Debug|Any CPU = Debug|Any CPU
		Release|Any CPU = Release|Any CPU
	EndGlobalSection
	GlobalSection(ProjectConfigurationPlatforms) = postSolution
		{4A48A750-943F-4EEE-AF55-0F86D76571C4}.Debug|Any CPU.ActiveCfg = Debug|Any CPU
		{4A48A750-943F-4EEE-AF55-0F86D76571C4}.Debug|Any CPU.Build.0 = Debug|Any CPU
		{4A48A750-943F-4EEE-AF55-0F86D76571C4}.Release|Any CPU.ActiveCfg = Release|Any CPU
		{4A48A750-943F-4EEE-AF55-0F86D76571C4}.Release|Any CPU.Build.0 = Release|Any CPU
		{A0643111-B765-478E-897F-71F6BCD4B62E}.Debug|Any CPU.ActiveCfg = Debug|Any CPU
		{A0643111-B765-478E-897F-71F6BCD4B62E}.Debug|Any CPU.Build.0 = Debug|Any CPU
		{A0643111-B765-478E-897F-71F6BCD4B62E}.Release|Any CPU.ActiveCfg = Release|Any CPU
		{A0643111-B765-478E-897F-71F6BCD4B62E}.Release|Any CPU.Build.0 = Release|Any CPU
		{F2F39255-3B6F-45A4-8332-F039B0FE360D}.Debug|Any CPU.ActiveCfg = Debug|Any CPU
		{F2F39255-3B6F-45A4-8332-F039B0FE360D}.Debug|Any CPU.Build.0 = Debug|Any CPU
		{F2F39255-3B6F-45A4-8332-F039B0FE360D}.Release|Any CPU.ActiveCfg = Release|Any CPU
		{F2F39255-3B6F-45A4-8332-F039B0FE360D}.Release|Any CPU.Build.0 = Release|Any CPU
		{5D928CA7-D89E-4E9A-A00E-BBDBDCAA6275}.Debug|Any CPU.ActiveCfg = Debug|Any CPU
		{5D928CA7-D89E-4E9A-A00E-BBDBDCAA6275}.Debug|Any CPU.Build.0 = Debug|Any CPU
		{5D928CA7-D89E-4E9A-A00E-BBDBDCAA6275}.Release|Any CPU.ActiveCfg = Release|Any CPU
		{5D928CA7-D89E-4E9A-A00E-BBDBDCAA6275}.Release|Any CPU.Build.0 = Release|Any CPU
		{8933AFB2-5050-4603-9CB9-13514AD0D4FC}.Debug|Any CPU.ActiveCfg = Debug|Any CPU
		{8933AFB2-5050-4603-9CB9-13514AD0D4FC}.Debug|Any CPU.Build.0 = Debug|Any CPU
		{8933AFB2-5050-4603-9CB9-13514AD0D4FC}.Release|Any CPU.ActiveCfg = Release|Any CPU
		{8933AFB2-5050-4603-9CB9-13514AD0D4FC}.Release|Any CPU.Build.0 = Release|Any CPU
	EndGlobalSection
	GlobalSection(SolutionProperties) = preSolution
		HideSolutionNode = FALSE
	EndGlobalSection
	GlobalSection(ExtensibilityGlobals) = postSolution
		SolutionGuid = {A6FEAE38-A2C6-460F-8469-8482AE5FA0BC}
	EndGlobalSection
EndGlobal
